
Microsoft Visual Studio Solution File, Format Version 12.00
# Visual Studio Version 17
VisualStudioVersion = 17.3.32825.248
MinimumVisualStudioVersion = 10.0.40219.1
Project("{FAE04EC0-301F-11D3-BF4B-00C04F79EFBC}") = "GestorTareas.Common", "GestorTareas.Common\GestorTareas.Common.csproj", "{1159D61B-5B79-4E62-8219-9D9D5A2ECC89}"
EndProject
Project("{FAE04EC0-301F-11D3-BF4B-00C04F79EFBC}") = "GestorTareas.Web", "GestorTareas.Web\GestorTareas.Web.csproj", "{98C41627-0FF2-4E05-841F-B9FA13BD24EB}"
EndProject
Project("{FAE04EC0-301F-11D3-BF4B-00C04F79EFBC}") = "GestorTareas.Prism", "GestorTareas.Prism\GestorTareas.Prism\GestorTareas.Prism.csproj", "{F62D9F67-E2C7-4EA5-8F50-B69F9396C9C7}"
EndProject
Project("{FAE04EC0-301F-11D3-BF4B-00C04F79EFBC}") = "GestorTareas.Prism.Android", "GestorTareas.Prism\GestorTareas.Prism.Android\GestorTareas.Prism.Android.csproj", "{1ADE39BD-EACA-4CE9-B0AA-2F43DC66C171}"
EndProject
Project("{FAE04EC0-301F-11D3-BF4B-00C04F79EFBC}") = "GestorTareas.Prism.iOS", "GestorTareas.Prism\GestorTareas.Prism.iOS\GestorTareas.Prism.iOS.csproj", "{E750A2A0-65C3-4953-BF0B-02AB1E3C01CA}"
EndProject
Global
	GlobalSection(SolutionConfigurationPlatforms) = preSolution
		Ad-Hoc|Any CPU = Ad-Hoc|Any CPU
		Ad-Hoc|iPhone = Ad-Hoc|iPhone
		Ad-Hoc|iPhoneSimulator = Ad-Hoc|iPhoneSimulator
		AppStore|Any CPU = AppStore|Any CPU
		AppStore|iPhone = AppStore|iPhone
		AppStore|iPhoneSimulator = AppStore|iPhoneSimulator
		Debug|Any CPU = Debug|Any CPU
		Debug|iPhone = Debug|iPhone
		Debug|iPhoneSimulator = Debug|iPhoneSimulator
		Release|Any CPU = Release|Any CPU
		Release|iPhone = Release|iPhone
		Release|iPhoneSimulator = Release|iPhoneSimulator
	EndGlobalSection
	GlobalSection(ProjectConfigurationPlatforms) = postSolution
		{1159D61B-5B79-4E62-8219-9D9D5A2ECC89}.Ad-Hoc|Any CPU.ActiveCfg = Debug|Any CPU
		{1159D61B-5B79-4E62-8219-9D9D5A2ECC89}.Ad-Hoc|Any CPU.Build.0 = Debug|Any CPU
		{1159D61B-5B79-4E62-8219-9D9D5A2ECC89}.Ad-Hoc|iPhone.ActiveCfg = Debug|Any CPU
		{1159D61B-5B79-4E62-8219-9D9D5A2ECC89}.Ad-Hoc|iPhone.Build.0 = Debug|Any CPU
		{1159D61B-5B79-4E62-8219-9D9D5A2ECC89}.Ad-Hoc|iPhoneSimulator.ActiveCfg = Debug|Any CPU
		{1159D61B-5B79-4E62-8219-9D9D5A2ECC89}.Ad-Hoc|iPhoneSimulator.Build.0 = Debug|Any CPU
		{1159D61B-5B79-4E62-8219-9D9D5A2ECC89}.AppStore|Any CPU.ActiveCfg = Debug|Any CPU
		{1159D61B-5B79-4E62-8219-9D9D5A2ECC89}.AppStore|Any CPU.Build.0 = Debug|Any CPU
		{1159D61B-5B79-4E62-8219-9D9D5A2ECC89}.AppStore|iPhone.ActiveCfg = Debug|Any CPU
		{1159D61B-5B79-4E62-8219-9D9D5A2ECC89}.AppStore|iPhone.Build.0 = Debug|Any CPU
		{1159D61B-5B79-4E62-8219-9D9D5A2ECC89}.AppStore|iPhoneSimulator.ActiveCfg = Debug|Any CPU
		{1159D61B-5B79-4E62-8219-9D9D5A2ECC89}.AppStore|iPhoneSimulator.Build.0 = Debug|Any CPU
		{1159D61B-5B79-4E62-8219-9D9D5A2ECC89}.Debug|Any CPU.ActiveCfg = Debug|Any CPU
		{1159D61B-5B79-4E62-8219-9D9D5A2ECC89}.Debug|Any CPU.Build.0 = Debug|Any CPU
		{1159D61B-5B79-4E62-8219-9D9D5A2ECC89}.Debug|iPhone.ActiveCfg = Debug|Any CPU
		{1159D61B-5B79-4E62-8219-9D9D5A2ECC89}.Debug|iPhone.Build.0 = Debug|Any CPU
		{1159D61B-5B79-4E62-8219-9D9D5A2ECC89}.Debug|iPhoneSimulator.ActiveCfg = Debug|Any CPU
		{1159D61B-5B79-4E62-8219-9D9D5A2ECC89}.Debug|iPhoneSimulator.Build.0 = Debug|Any CPU
		{1159D61B-5B79-4E62-8219-9D9D5A2ECC89}.Release|Any CPU.ActiveCfg = Release|Any CPU
		{1159D61B-5B79-4E62-8219-9D9D5A2ECC89}.Release|Any CPU.Build.0 = Release|Any CPU
		{1159D61B-5B79-4E62-8219-9D9D5A2ECC89}.Release|iPhone.ActiveCfg = Release|Any CPU
		{1159D61B-5B79-4E62-8219-9D9D5A2ECC89}.Release|iPhone.Build.0 = Release|Any CPU
		{1159D61B-5B79-4E62-8219-9D9D5A2ECC89}.Release|iPhoneSimulator.ActiveCfg = Release|Any CPU
		{1159D61B-5B79-4E62-8219-9D9D5A2ECC89}.Release|iPhoneSimulator.Build.0 = Release|Any CPU
		{98C41627-0FF2-4E05-841F-B9FA13BD24EB}.Ad-Hoc|Any CPU.ActiveCfg = Debug|Any CPU
		{98C41627-0FF2-4E05-841F-B9FA13BD24EB}.Ad-Hoc|Any CPU.Build.0 = Debug|Any CPU
		{98C41627-0FF2-4E05-841F-B9FA13BD24EB}.Ad-Hoc|iPhone.ActiveCfg = Debug|Any CPU
		{98C41627-0FF2-4E05-841F-B9FA13BD24EB}.Ad-Hoc|iPhone.Build.0 = Debug|Any CPU
		{98C41627-0FF2-4E05-841F-B9FA13BD24EB}.Ad-Hoc|iPhoneSimulator.ActiveCfg = Debug|Any CPU
		{98C41627-0FF2-4E05-841F-B9FA13BD24EB}.Ad-Hoc|iPhoneSimulator.Build.0 = Debug|Any CPU
		{98C41627-0FF2-4E05-841F-B9FA13BD24EB}.AppStore|Any CPU.ActiveCfg = Debug|Any CPU
		{98C41627-0FF2-4E05-841F-B9FA13BD24EB}.AppStore|Any CPU.Build.0 = Debug|Any CPU
		{98C41627-0FF2-4E05-841F-B9FA13BD24EB}.AppStore|iPhone.ActiveCfg = Debug|Any CPU
		{98C41627-0FF2-4E05-841F-B9FA13BD24EB}.AppStore|iPhone.Build.0 = Debug|Any CPU
		{98C41627-0FF2-4E05-841F-B9FA13BD24EB}.AppStore|iPhoneSimulator.ActiveCfg = Debug|Any CPU
		{98C41627-0FF2-4E05-841F-B9FA13BD24EB}.AppStore|iPhoneSimulator.Build.0 = Debug|Any CPU
		{98C41627-0FF2-4E05-841F-B9FA13BD24EB}.Debug|Any CPU.ActiveCfg = Debug|Any CPU
		{98C41627-0FF2-4E05-841F-B9FA13BD24EB}.Debug|Any CPU.Build.0 = Debug|Any CPU
		{98C41627-0FF2-4E05-841F-B9FA13BD24EB}.Debug|iPhone.ActiveCfg = Debug|Any CPU
		{98C41627-0FF2-4E05-841F-B9FA13BD24EB}.Debug|iPhone.Build.0 = Debug|Any CPU
		{98C41627-0FF2-4E05-841F-B9FA13BD24EB}.Debug|iPhoneSimulator.ActiveCfg = Debug|Any CPU
		{98C41627-0FF2-4E05-841F-B9FA13BD24EB}.Debug|iPhoneSimulator.Build.0 = Debug|Any CPU
		{98C41627-0FF2-4E05-841F-B9FA13BD24EB}.Release|Any CPU.ActiveCfg = Release|Any CPU
		{98C41627-0FF2-4E05-841F-B9FA13BD24EB}.Release|Any CPU.Build.0 = Release|Any CPU
		{98C41627-0FF2-4E05-841F-B9FA13BD24EB}.Release|iPhone.ActiveCfg = Release|Any CPU
		{98C41627-0FF2-4E05-841F-B9FA13BD24EB}.Release|iPhone.Build.0 = Release|Any CPU
		{98C41627-0FF2-4E05-841F-B9FA13BD24EB}.Release|iPhoneSimulator.ActiveCfg = Release|Any CPU
		{98C41627-0FF2-4E05-841F-B9FA13BD24EB}.Release|iPhoneSimulator.Build.0 = Release|Any CPU
		{F62D9F67-E2C7-4EA5-8F50-B69F9396C9C7}.Ad-Hoc|Any CPU.ActiveCfg = Debug|Any CPU
		{F62D9F67-E2C7-4EA5-8F50-B69F9396C9C7}.Ad-Hoc|Any CPU.Build.0 = Debug|Any CPU
		{F62D9F67-E2C7-4EA5-8F50-B69F9396C9C7}.Ad-Hoc|iPhone.ActiveCfg = Debug|Any CPU
		{F62D9F67-E2C7-4EA5-8F50-B69F9396C9C7}.Ad-Hoc|iPhone.Build.0 = Debug|Any CPU
		{F62D9F67-E2C7-4EA5-8F50-B69F9396C9C7}.Ad-Hoc|iPhoneSimulator.ActiveCfg = Debug|Any CPU
		{F62D9F67-E2C7-4EA5-8F50-B69F9396C9C7}.Ad-Hoc|iPhoneSimulator.Build.0 = Debug|Any CPU
		{F62D9F67-E2C7-4EA5-8F50-B69F9396C9C7}.AppStore|Any CPU.ActiveCfg = Debug|Any CPU
		{F62D9F67-E2C7-4EA5-8F50-B69F9396C9C7}.AppStore|Any CPU.Build.0 = Debug|Any CPU
		{F62D9F67-E2C7-4EA5-8F50-B69F9396C9C7}.AppStore|iPhone.ActiveCfg = Debug|Any CPU
		{F62D9F67-E2C7-4EA5-8F50-B69F9396C9C7}.AppStore|iPhone.Build.0 = Debug|Any CPU
		{F62D9F67-E2C7-4EA5-8F50-B69F9396C9C7}.AppStore|iPhoneSimulator.ActiveCfg = Debug|Any CPU
		{F62D9F67-E2C7-4EA5-8F50-B69F9396C9C7}.AppStore|iPhoneSimulator.Build.0 = Debug|Any CPU
		{F62D9F67-E2C7-4EA5-8F50-B69F9396C9C7}.Debug|Any CPU.ActiveCfg = Debug|Any CPU
		{F62D9F67-E2C7-4EA5-8F50-B69F9396C9C7}.Debug|Any CPU.Build.0 = Debug|Any CPU
		{F62D9F67-E2C7-4EA5-8F50-B69F9396C9C7}.Debug|iPhone.ActiveCfg = Debug|Any CPU
		{F62D9F67-E2C7-4EA5-8F50-B69F9396C9C7}.Debug|iPhone.Build.0 = Debug|Any CPU
		{F62D9F67-E2C7-4EA5-8F50-B69F9396C9C7}.Debug|iPhoneSimulator.ActiveCfg = Debug|Any CPU
		{F62D9F67-E2C7-4EA5-8F50-B69F9396C9C7}.Debug|iPhoneSimulator.Build.0 = Debug|Any CPU
		{F62D9F67-E2C7-4EA5-8F50-B69F9396C9C7}.Release|Any CPU.ActiveCfg = Release|Any CPU
		{F62D9F67-E2C7-4EA5-8F50-B69F9396C9C7}.Release|Any CPU.Build.0 = Release|Any CPU
		{F62D9F67-E2C7-4EA5-8F50-B69F9396C9C7}.Release|iPhone.ActiveCfg = Release|Any CPU
		{F62D9F67-E2C7-4EA5-8F50-B69F9396C9C7}.Release|iPhone.Build.0 = Release|Any CPU
		{F62D9F67-E2C7-4EA5-8F50-B69F9396C9C7}.Release|iPhoneSimulator.ActiveCfg = Release|Any CPU
		{F62D9F67-E2C7-4EA5-8F50-B69F9396C9C7}.Release|iPhoneSimulator.Build.0 = Release|Any CPU
		{1ADE39BD-EACA-4CE9-B0AA-2F43DC66C171}.Ad-Hoc|Any CPU.ActiveCfg = Debug|Any CPU
		{1ADE39BD-EACA-4CE9-B0AA-2F43DC66C171}.Ad-Hoc|Any CPU.Build.0 = Debug|Any CPU
		{1ADE39BD-EACA-4CE9-B0AA-2F43DC66C171}.Ad-Hoc|Any CPU.Deploy.0 = Debug|Any CPU
		{1ADE39BD-EACA-4CE9-B0AA-2F43DC66C171}.Ad-Hoc|iPhone.ActiveCfg = Debug|Any CPU
		{1ADE39BD-EACA-4CE9-B0AA-2F43DC66C171}.Ad-Hoc|iPhone.Build.0 = Debug|Any CPU
		{1ADE39BD-EACA-4CE9-B0AA-2F43DC66C171}.Ad-Hoc|iPhone.Deploy.0 = Debug|Any CPU
		{1ADE39BD-EACA-4CE9-B0AA-2F43DC66C171}.Ad-Hoc|iPhoneSimulator.ActiveCfg = Debug|Any CPU
		{1ADE39BD-EACA-4CE9-B0AA-2F43DC66C171}.Ad-Hoc|iPhoneSimulator.Build.0 = Debug|Any CPU
		{1ADE39BD-EACA-4CE9-B0AA-2F43DC66C171}.Ad-Hoc|iPhoneSimulator.Deploy.0 = Debug|Any CPU
		{1ADE39BD-EACA-4CE9-B0AA-2F43DC66C171}.AppStore|Any CPU.ActiveCfg = Debug|Any CPU
		{1ADE39BD-EACA-4CE9-B0AA-2F43DC66C171}.AppStore|Any CPU.Build.0 = Debug|Any CPU
		{1ADE39BD-EACA-4CE9-B0AA-2F43DC66C171}.AppStore|Any CPU.Deploy.0 = Debug|Any CPU
		{1ADE39BD-EACA-4CE9-B0AA-2F43DC66C171}.AppStore|iPhone.ActiveCfg = Debug|Any CPU
		{1ADE39BD-EACA-4CE9-B0AA-2F43DC66C171}.AppStore|iPhone.Build.0 = Debug|Any CPU
		{1ADE39BD-EACA-4CE9-B0AA-2F43DC66C171}.AppStore|iPhone.Deploy.0 = Debug|Any CPU
		{1ADE39BD-EACA-4CE9-B0AA-2F43DC66C171}.AppStore|iPhoneSimulator.ActiveCfg = Debug|Any CPU
		{1ADE39BD-EACA-4CE9-B0AA-2F43DC66C171}.AppStore|iPhoneSimulator.Build.0 = Debug|Any CPU
		{1ADE39BD-EACA-4CE9-B0AA-2F43DC66C171}.AppStore|iPhoneSimulator.Deploy.0 = Debug|Any CPU
		{1ADE39BD-EACA-4CE9-B0AA-2F43DC66C171}.Debug|Any CPU.ActiveCfg = Debug|Any CPU
		{1ADE39BD-EACA-4CE9-B0AA-2F43DC66C171}.Debug|Any CPU.Build.0 = Debug|Any CPU
		{1ADE39BD-EACA-4CE9-B0AA-2F43DC66C171}.Debug|Any CPU.Deploy.0 = Debug|Any CPU
		{1ADE39BD-EACA-4CE9-B0AA-2F43DC66C171}.Debug|iPhone.ActiveCfg = Debug|Any CPU
		{1ADE39BD-EACA-4CE9-B0AA-2F43DC66C171}.Debug|iPhone.Build.0 = Debug|Any CPU
		{1ADE39BD-EACA-4CE9-B0AA-2F43DC66C171}.Debug|iPhone.Deploy.0 = Debug|Any CPU
		{1ADE39BD-EACA-4CE9-B0AA-2F43DC66C171}.Debug|iPhoneSimulator.ActiveCfg = Debug|Any CPU
		{1ADE39BD-EACA-4CE9-B0AA-2F43DC66C171}.Debug|iPhoneSimulator.Build.0 = Debug|Any CPU
		{1ADE39BD-EACA-4CE9-B0AA-2F43DC66C171}.Debug|iPhoneSimulator.Deploy.0 = Debug|Any CPU
		{1ADE39BD-EACA-4CE9-B0AA-2F43DC66C171}.Release|Any CPU.ActiveCfg = Release|Any CPU
		{1ADE39BD-EACA-4CE9-B0AA-2F43DC66C171}.Release|Any CPU.Build.0 = Release|Any CPU
		{1ADE39BD-EACA-4CE9-B0AA-2F43DC66C171}.Release|Any CPU.Deploy.0 = Release|Any CPU
		{1ADE39BD-EACA-4CE9-B0AA-2F43DC66C171}.Release|iPhone.ActiveCfg = Release|Any CPU
		{1ADE39BD-EACA-4CE9-B0AA-2F43DC66C171}.Release|iPhone.Build.0 = Release|Any CPU
		{1ADE39BD-EACA-4CE9-B0AA-2F43DC66C171}.Release|iPhone.Deploy.0 = Release|Any CPU
		{1ADE39BD-EACA-4CE9-B0AA-2F43DC66C171}.Release|iPhoneSimulator.ActiveCfg = Release|Any CPU
		{1ADE39BD-EACA-4CE9-B0AA-2F43DC66C171}.Release|iPhoneSimulator.Build.0 = Release|Any CPU
		{1ADE39BD-EACA-4CE9-B0AA-2F43DC66C171}.Release|iPhoneSimulator.Deploy.0 = Release|Any CPU
		{E750A2A0-65C3-4953-BF0B-02AB1E3C01CA}.Ad-Hoc|Any CPU.ActiveCfg = Ad-Hoc|iPhoneSimulator
		{E750A2A0-65C3-4953-BF0B-02AB1E3C01CA}.Ad-Hoc|Any CPU.Build.0 = Ad-Hoc|iPhoneSimulator
		{E750A2A0-65C3-4953-BF0B-02AB1E3C01CA}.Ad-Hoc|iPhone.ActiveCfg = Ad-Hoc|iPhone
		{E750A2A0-65C3-4953-BF0B-02AB1E3C01CA}.Ad-Hoc|iPhone.Build.0 = Ad-Hoc|iPhone
		{E750A2A0-65C3-4953-BF0B-02AB1E3C01CA}.Ad-Hoc|iPhoneSimulator.ActiveCfg = Ad-Hoc|iPhoneSimulator
		{E750A2A0-65C3-4953-BF0B-02AB1E3C01CA}.Ad-Hoc|iPhoneSimulator.Build.0 = Ad-Hoc|iPhoneSimulator
		{E750A2A0-65C3-4953-BF0B-02AB1E3C01CA}.AppStore|Any CPU.ActiveCfg = AppStore|iPhoneSimulator
		{E750A2A0-65C3-4953-BF0B-02AB1E3C01CA}.AppStore|Any CPU.Build.0 = AppStore|iPhoneSimulator
		{E750A2A0-65C3-4953-BF0B-02AB1E3C01CA}.AppStore|iPhone.ActiveCfg = AppStore|iPhone
		{E750A2A0-65C3-4953-BF0B-02AB1E3C01CA}.AppStore|iPhone.Build.0 = AppStore|iPhone
		{E750A2A0-65C3-4953-BF0B-02AB1E3C01CA}.AppStore|iPhoneSimulator.ActiveCfg = AppStore|iPhoneSimulator
		{E750A2A0-65C3-4953-BF0B-02AB1E3C01CA}.AppStore|iPhoneSimulator.Build.0 = AppStore|iPhoneSimulator
		{E750A2A0-65C3-4953-BF0B-02AB1E3C01CA}.Debug|Any CPU.ActiveCfg = Debug|iPhoneSimulator
		{E750A2A0-65C3-4953-BF0B-02AB1E3C01CA}.Debug|Any CPU.Build.0 = Debug|iPhoneSimulator
		{E750A2A0-65C3-4953-BF0B-02AB1E3C01CA}.Debug|iPhone.ActiveCfg = Debug|iPhone
		{E750A2A0-65C3-4953-BF0B-02AB1E3C01CA}.Debug|iPhone.Build.0 = Debug|iPhone
		{E750A2A0-65C3-4953-BF0B-02AB1E3C01CA}.Debug|iPhoneSimulator.ActiveCfg = Debug|iPhoneSimulator
		{E750A2A0-65C3-4953-BF0B-02AB1E3C01CA}.Debug|iPhoneSimulator.Build.0 = Debug|iPhoneSimulator
		{E750A2A0-65C3-4953-BF0B-02AB1E3C01CA}.Release|Any CPU.ActiveCfg = Release|iPhoneSimulator
		{E750A2A0-65C3-4953-BF0B-02AB1E3C01CA}.Release|Any CPU.Build.0 = Release|iPhoneSimulator
		{E750A2A0-65C3-4953-BF0B-02AB1E3C01CA}.Release|iPhone.ActiveCfg = Release|iPhone
		{E750A2A0-65C3-4953-BF0B-02AB1E3C01CA}.Release|iPhone.Build.0 = Release|iPhone
		{E750A2A0-65C3-4953-BF0B-02AB1E3C01CA}.Release|iPhoneSimulator.ActiveCfg = Release|iPhoneSimulator
		{E750A2A0-65C3-4953-BF0B-02AB1E3C01CA}.Release|iPhoneSimulator.Build.0 = Release|iPhoneSimulator
	EndGlobalSection
	GlobalSection(SolutionProperties) = preSolution
		HideSolutionNode = FALSE
	EndGlobalSection
	GlobalSection(ExtensibilityGlobals) = postSolution
		SolutionGuid = {57243F2F-6ADF-4887-B252-40EF8319EC07}
	EndGlobalSection
EndGlobal
